
Microsoft Visual Studio Solution File, Format Version 12.00
Project("{FAE04EC0-301F-11D3-BF4B-00C04F79EFBC}") = "sf", "sf\sf.csproj", "{90C4C2A0-8BA2-4785-B817-DC676A040378}"
EndProject
Global
	GlobalSection(SolutionConfigurationPlatforms) = preSolution
		Debug|Any CPU = Debug|Any CPU
		Release|Any CPU = Release|Any CPU
	EndGlobalSection
	GlobalSection(ProjectConfigurationPlatforms) = postSolution
		{90C4C2A0-8BA2-4785-B817-DC676A040378}.Debug|Any CPU.ActiveCfg = Debug|Any CPU
		{90C4C2A0-8BA2-4785-B817-DC676A040378}.Debug|Any CPU.Build.0 = Debug|Any CPU
		{90C4C2A0-8BA2-4785-B817-DC676A040378}.Release|Any CPU.ActiveCfg = Release|Any CPU
		{90C4C2A0-8BA2-4785-B817-DC676A040378}.Release|Any CPU.Build.0 = Release|Any CPU
	EndGlobalSection
EndGlobal
